
Microsoft Visual Studio Solution File, Format Version 12.00
# Visual Studio 15
VisualStudioVersion = 15.0.27703.2035
MinimumVisualStudioVersion = 10.0.40219.1
Project("{FAE04EC0-301F-11D3-BF4B-00C04F79EFBC}") = "TemplateMarker", "TemplateMarker.csproj", "{F809D560-4C18-44DF-A214-6A3EB866E0E6}"
EndProject
Global
	GlobalSection(SolutionConfigurationPlatforms) = preSolution
		Debug|Any CPU = Debug|Any CPU
		Release|Any CPU = Release|Any CPU
	EndGlobalSection
	GlobalSection(ProjectConfigurationPlatforms) = postSolution
		{F809D560-4C18-44DF-A214-6A3EB866E0E6}.Debug|Any CPU.ActiveCfg = Debug|Any CPU
		{F809D560-4C18-44DF-A214-6A3EB866E0E6}.Debug|Any CPU.Build.0 = Debug|Any CPU
		{F809D560-4C18-44DF-A214-6A3EB866E0E6}.Release|Any CPU.ActiveCfg = Release|Any CPU
		{F809D560-4C18-44DF-A214-6A3EB866E0E6}.Release|Any CPU.Build.0 = Release|Any CPU
	EndGlobalSection
	GlobalSection(SolutionProperties) = preSolution
		HideSolutionNode = FALSE
	EndGlobalSection
	GlobalSection(ExtensibilityGlobals) = postSolution
		SolutionGuid = {CD5E0E70-E217-4969-9802-D8ED6A05F515}
	EndGlobalSection
EndGlobal
